{
  "version": "3",
  "redirects": {
    "https://deno.land/x/expect/mod.ts": "https://deno.land/x/expect@v0.4.0/mod.ts"
  },
  "remote": {
    "https://deno.land/std@0.207.0/testing/_test_suite.ts": "30f018feeb3835f12ab198d8a518f9089b1bcb2e8c838a8b615ab10d5005465c",
    "https://deno.land/std@0.207.0/testing/bdd.ts": "3f446df5ef8e856a869e8eec54c8482590415741ff0b6358a00c43486cc15769",
    "https://deno.land/std@0.97.0/fmt/colors.ts": "db22b314a2ae9430ae7460ce005e0a7130e23ae1c999157e3bb77cf55800f7e4",
    "https://deno.land/std@0.97.0/testing/_diff.ts": "961eaf6d9f5b0a8556c9d835bbc6fa74f5addd7d3b02728ba7936ff93364f7a3",
    "https://deno.land/std@0.97.0/testing/asserts.ts": "341292d12eebc44be4c3c2ca101ba8b6b5859cef2fa69d50c217f9d0bfbcfd1f",
    "https://deno.land/x/expect@v0.4.0/expect.ts": "1d1856758a750f440d0b65d74f19e5d4829bb76d8e576d05546abd8e7b1dfb9e",
    "https://deno.land/x/expect@v0.4.0/matchers.ts": "55acf74a3c4a308d079798930f05ab11da2080ec7acd53517193ca90d1296bf7",
    "https://deno.land/x/expect@v0.4.0/mock.ts": "562d4b1d735d15b0b8e935f342679096b64fe452f86e96714fe8616c0c884914",
    "https://deno.land/x/expect@v0.4.0/mod.ts": "0304d2430e1e96ba669a8495e24ba606dcc3d152e1f81aaa8da898cea24e36c2"
  }
}
